{
  "name": "@willh/nanobanana-cli",
  "version": "0.1.0",
  "lockfileVersion": 3,
  "requires": true,
  "packages": {
    "": {
      "name": "@willh/nanobanana-cli",
      "version": "0.1.0",
      "bin": {
        "nanobanana": "bin/nanobanana.js"
      },
      "engines": {
        "node": ">=18"
      }
    }
  }
}
